PODS:
  - SnapKit (3.1.2)
  - Transaction (1.0.3)

DEPENDENCIES:
  - SnapKit (~> 3.0)
  - Transaction (~> 1.0.3)

SPEC CHECKSUMS:
  SnapKit: 12b24f569cb7c143acc9c22b9d91b23e7b1c84a2
  Transaction: 56a23d59b5044d0ac529279fcf7665c11ef4ec13

PODFILE CHECKSUM: 9b86db2a0f031fd617ae42a110b263ee5a85e596

COCOAPODS: 1.1.1
